Microsoft Visual Studio Solution File, Format Version 12.00
# Visual Studio Version 17
VisualStudioVersion = 17.4.33103.184
MinimumVisualStudioVersion = 10.0.40219.1
Project("{2150E333-8FDC-42A3-9474-1A3956D46DE8}") = "Samples", "Samples", "{C443BF0A-C616-4E98-8994-C5BAE76AE556}"
EndProject
Project("{2150E333-8FDC-42A3-9474-1A3956D46DE8}") = "Library", "Library", "{C7727147-4AD9-4005-A8D0-EEEED82347D3}"
EndProject
Project("{9A19103F-16F7-4668-BE54-9A1E7A4F7556}") = "AdaptiveCards.Sample.WPFVisualizer", "Samples\WPFVisualizer\AdaptiveCards.Sample.WPFVisualizer.csproj", "{96144C6C-2E37-4A84-95AB-7F01D9222F2F}"
EndProject
Project("{9A19103F-16F7-4668-BE54-9A1E7A4F7556}") = "AdaptiveCards.Rendering.Wpf", "Library\AdaptiveCards.Rendering.Wpf\AdaptiveCards.Rendering.Wpf.csproj", "{385BFAAD-07E0-4DBF-844D-9EE12EFC0799}"
EndProject
Project("{FAE04EC0-301F-11D3-BF4B-00C04F79EFBC}") = "AdaptiveCards.Rendering.MAUI", "Library\AdaptiveCards.Rendering.MAUI\AdaptiveCards.Rendering.MAUI.csproj", "{A945248B-9C6B-4FE4-B270-1C5E38E0EF08}"
EndProject
Global
	GlobalSection(SolutionConfigurationPlatforms) = preSolution
		Ad-Hoc|Any CPU = Ad-Hoc|Any CPU
		Ad-Hoc|ARM = Ad-Hoc|ARM
		Ad-Hoc|ARM64 = Ad-Hoc|ARM64
		Ad-Hoc|iPhone = Ad-Hoc|iPhone
		Ad-Hoc|iPhoneSimulator = Ad-Hoc|iPhoneSimulator
		Ad-Hoc|x64 = Ad-Hoc|x64
		Ad-Hoc|x86 = Ad-Hoc|x86
		AppStore|Any CPU = AppStore|Any CPU
		AppStore|ARM = AppStore|ARM
		AppStore|ARM64 = AppStore|ARM64
		AppStore|iPhone = AppStore|iPhone
		AppStore|iPhoneSimulator = AppStore|iPhoneSimulator
		AppStore|x64 = AppStore|x64
		AppStore|x86 = AppStore|x86
		Debug|Any CPU = Debug|Any CPU
		Debug|ARM = Debug|ARM
		Debug|ARM64 = Debug|ARM64
		Debug|iPhone = Debug|iPhone
		Debug|iPhoneSimulator = Debug|iPhoneSimulator
		Debug|x64 = Debug|x64
		Debug|x86 = Debug|x86
		Release|Any CPU = Release|Any CPU
		Release|ARM = Release|ARM
		Release|ARM64 = Release|ARM64
		Release|iPhone = Release|iPhone
		Release|iPhoneSimulator = Release|iPhoneSimulator
		Release|x64 = Release|x64
		Release|x86 = Release|x86
	EndGlobalSection
	GlobalSection(ProjectConfigurationPlatforms) = postSolution
		{96144C6C-2E37-4A84-95AB-7F01D9222F2F}.Ad-Hoc|Any CPU.ActiveCfg = Release|Any CPU
		{96144C6C-2E37-4A84-95AB-7F01D9222F2F}.Ad-Hoc|Any CPU.Build.0 = Release|Any CPU
		{96144C6C-2E37-4A84-95AB-7F01D9222F2F}.Ad-Hoc|ARM.ActiveCfg = Release|Any CPU
		{96144C6C-2E37-4A84-95AB-7F01D9222F2F}.Ad-Hoc|ARM.Build.0 = Release|Any CPU
		{96144C6C-2E37-4A84-95AB-7F01D9222F2F}.Ad-Hoc|ARM64.ActiveCfg = Debug|Any CPU
		{96144C6C-2E37-4A84-95AB-7F01D9222F2F}.Ad-Hoc|ARM64.Build.0 = Debug|Any CPU
		{96144C6C-2E37-4A84-95AB-7F01D9222F2F}.Ad-Hoc|iPhone.ActiveCfg = Release|Any CPU
		{96144C6C-2E37-4A84-95AB-7F01D9222F2F}.Ad-Hoc|iPhone.Build.0 = Release|Any CPU
		{96144C6C-2E37-4A84-95AB-7F01D9222F2F}.Ad-Hoc|iPhoneSimulator.ActiveCfg = Release|Any CPU
		{96144C6C-2E37-4A84-95AB-7F01D9222F2F}.Ad-Hoc|iPhoneSimulator.Build.0 = Release|Any CPU
		{96144C6C-2E37-4A84-95AB-7F01D9222F2F}.Ad-Hoc|x64.ActiveCfg = Release|Any CPU
		{96144C6C-2E37-4A84-95AB-7F01D9222F2F}.Ad-Hoc|x64.Build.0 = Release|Any CPU
		{96144C6C-2E37-4A84-95AB-7F01D9222F2F}.Ad-Hoc|x86.ActiveCfg = Release|Any CPU
		{96144C6C-2E37-4A84-95AB-7F01D9222F2F}.Ad-Hoc|x86.Build.0 = Release|Any CPU
		{96144C6C-2E37-4A84-95AB-7F01D9222F2F}.AppStore|Any CPU.ActiveCfg = Release|Any CPU
		{96144C6C-2E37-4A84-95AB-7F01D9222F2F}.AppStore|Any CPU.Build.0 = Release|Any CPU
		{96144C6C-2E37-4A84-95AB-7F01D9222F2F}.AppStore|ARM.ActiveCfg = Release|Any CPU
		{96144C6C-2E37-4A84-95AB-7F01D9222F2F}.AppStore|ARM.Build.0 = Release|Any CPU
		{96144C6C-2E37-4A84-95AB-7F01D9222F2F}.AppStore|ARM64.ActiveCfg = Debug|Any CPU
		{96144C6C-2E37-4A84-95AB-7F01D9222F2F}.AppStore|ARM64.Build.0 = Debug|Any CPU
		{96144C6C-2E37-4A84-95AB-7F01D9222F2F}.AppStore|iPhone.ActiveCfg = Release|Any CPU
		{96144C6C-2E37-4A84-95AB-7F01D9222F2F}.AppStore|iPhone.Build.0 = Release|Any CPU
		{96144C6C-2E37-4A84-95AB-7F01D9222F2F}.AppStore|iPhoneSimulator.ActiveCfg = Release|Any CPU
		{96144C6C-2E37-4A84-95AB-7F01D9222F2F}.AppStore|iPhoneSimulator.Build.0 = Release|Any CPU
		{96144C6C-2E37-4A84-95AB-7F01D9222F2F}.AppStore|x64.ActiveCfg = Release|Any CPU
		{96144C6C-2E37-4A84-95AB-7F01D9222F2F}.AppStore|x64.Build.0 = Release|Any CPU
		{96144C6C-2E37-4A84-95AB-7F01D9222F2F}.AppStore|x86.ActiveCfg = Release|Any CPU
		{96144C6C-2E37-4A84-95AB-7F01D9222F2F}.AppStore|x86.Build.0 = Release|Any CPU
		{96144C6C-2E37-4A84-95AB-7F01D9222F2F}.Debug|Any CPU.ActiveCfg = Debug|Any CPU
		{96144C6C-2E37-4A84-95AB-7F01D9222F2F}.Debug|Any CPU.Build.0 = Debug|Any CPU
		{96144C6C-2E37-4A84-95AB-7F01D9222F2F}.Debug|ARM.ActiveCfg = Debug|Any CPU
		{96144C6C-2E37-4A84-95AB-7F01D9222F2F}.Debug|ARM.Build.0 = Debug|Any CPU
		{96144C6C-2E37-4A84-95AB-7F01D9222F2F}.Debug|ARM64.ActiveCfg = Debug|Any CPU
		{96144C6C-2E37-4A84-95AB-7F01D9222F2F}.Debug|ARM64.Build.0 = Debug|Any CPU
		{96144C6C-2E37-4A84-95AB-7F01D9222F2F}.Debug|iPhone.ActiveCfg = Debug|Any CPU
		{96144C6C-2E37-4A84-95AB-7F01D9222F2F}.Debug|iPhone.Build.0 = Debug|Any CPU
		{96144C6C-2E37-4A84-95AB-7F01D9222F2F}.Debug|iPhoneSimulator.ActiveCfg = Debug|Any CPU
		{96144C6C-2E37-4A84-95AB-7F01D9222F2F}.Debug|iPhoneSimulator.Build.0 = Debug|Any CPU
		{96144C6C-2E37-4A84-95AB-7F01D9222F2F}.Debug|x64.ActiveCfg = Debug|Any CPU
		{96144C6C-2E37-4A84-95AB-7F01D9222F2F}.Debug|x64.Build.0 = Debug|Any CPU
		{96144C6C-2E37-4A84-95AB-7F01D9222F2F}.Debug|x86.ActiveCfg = Debug|Any CPU
		{96144C6C-2E37-4A84-95AB-7F01D9222F2F}.Debug|x86.Build.0 = Debug|Any CPU
		{96144C6C-2E37-4A84-95AB-7F01D9222F2F}.Release|Any CPU.ActiveCfg = Release|Any CPU
		{96144C6C-2E37-4A84-95AB-7F01D9222F2F}.Release|Any CPU.Build.0 = Release|Any CPU
		{96144C6C-2E37-4A84-95AB-7F01D9222F2F}.Release|ARM.ActiveCfg = Release|Any CPU
		{96144C6C-2E37-4A84-95AB-7F01D9222F2F}.Release|ARM.Build.0 = Release|Any CPU
		{96144C6C-2E37-4A84-95AB-7F01D9222F2F}.Release|ARM64.ActiveCfg = Release|Any CPU
		{96144C6C-2E37-4A84-95AB-7F01D9222F2F}.Release|ARM64.Build.0 = Release|Any CPU
		{96144C6C-2E37-4A84-95AB-7F01D9222F2F}.Release|iPhone.ActiveCfg = Release|Any CPU
		{96144C6C-2E37-4A84-95AB-7F01D9222F2F}.Release|iPhone.Build.0 = Release|Any CPU
		{96144C6C-2E37-4A84-95AB-7F01D9222F2F}.Release|iPhoneSimulator.ActiveCfg = Release|Any CPU
		{96144C6C-2E37-4A84-95AB-7F01D9222F2F}.Release|iPhoneSimulator.Build.0 = Release|Any CPU
		{96144C6C-2E37-4A84-95AB-7F01D9222F2F}.Release|x64.ActiveCfg = Release|Any CPU
		{96144C6C-2E37-4A84-95AB-7F01D9222F2F}.Release|x64.Build.0 = Release|Any CPU
		{96144C6C-2E37-4A84-95AB-7F01D9222F2F}.Release|x86.ActiveCfg = Release|Any CPU
		{96144C6C-2E37-4A84-95AB-7F01D9222F2F}.Release|x86.Build.0 = Release|Any CPU
		{385BFAAD-07E0-4DBF-844D-9EE12EFC0799}.Ad-Hoc|Any CPU.ActiveCfg = Debug|Any CPU
		{385BFAAD-07E0-4DBF-844D-9EE12EFC0799}.Ad-Hoc|Any CPU.Build.0 = Debug|Any CPU
		{385BFAAD-07E0-4DBF-844D-9EE12EFC0799}.Ad-Hoc|ARM.ActiveCfg = Debug|Any CPU
		{385BFAAD-07E0-4DBF-844D-9EE12EFC0799}.Ad-Hoc|ARM.Build.0 = Debug|Any CPU
		{385BFAAD-07E0-4DBF-844D-9EE12EFC0799}.Ad-Hoc|ARM64.ActiveCfg = Release|Any CPU
		{385BFAAD-07E0-4DBF-844D-9EE12EFC0799}.Ad-Hoc|ARM64.Build.0 = Release|Any CPU
		{385BFAAD-07E0-4DBF-844D-9EE12EFC0799}.Ad-Hoc|iPhone.ActiveCfg = Debug|Any CPU
		{385BFAAD-07E0-4DBF-844D-9EE12EFC0799}.Ad-Hoc|iPhone.Build.0 = Debug|Any CPU
		{385BFAAD-07E0-4DBF-844D-9EE12EFC0799}.Ad-Hoc|iPhoneSimulator.ActiveCfg = Debug|Any CPU
		{385BFAAD-07E0-4DBF-844D-9EE12EFC0799}.Ad-Hoc|iPhoneSimulator.Build.0 = Debug|Any CPU
		{385BFAAD-07E0-4DBF-844D-9EE12EFC0799}.Ad-Hoc|x64.ActiveCfg = Debug|Any CPU
		{385BFAAD-07E0-4DBF-844D-9EE12EFC0799}.Ad-Hoc|x64.Build.0 = Debug|Any CPU
		{385BFAAD-07E0-4DBF-844D-9EE12EFC0799}.Ad-Hoc|x86.ActiveCfg = Debug|Any CPU
		{385BFAAD-07E0-4DBF-844D-9EE12EFC0799}.Ad-Hoc|x86.Build.0 = Debug|Any CPU
		{385BFAAD-07E0-4DBF-844D-9EE12EFC0799}.AppStore|Any CPU.ActiveCfg = Debug|Any CPU
		{385BFAAD-07E0-4DBF-844D-9EE12EFC0799}.AppStore|Any CPU.Build.0 = Debug|Any CPU
		{385BFAAD-07E0-4DBF-844D-9EE12EFC0799}.AppStore|ARM.ActiveCfg = Debug|Any CPU
		{385BFAAD-07E0-4DBF-844D-9EE12EFC0799}.AppStore|ARM.Build.0 = Debug|Any CPU
		{385BFAAD-07E0-4DBF-844D-9EE12EFC0799}.AppStore|ARM64.ActiveCfg = Release|Any CPU
		{385BFAAD-07E0-4DBF-844D-9EE12EFC0799}.AppStore|ARM64.Build.0 = Release|Any CPU
		{385BFAAD-07E0-4DBF-844D-9EE12EFC0799}.AppStore|iPhone.ActiveCfg = Debug|Any CPU
		{385BFAAD-07E0-4DBF-844D-9EE12EFC0799}.AppStore|iPhone.Build.0 = Debug|Any CPU
		{385BFAAD-07E0-4DBF-844D-9EE12EFC0799}.AppStore|iPhoneSimulator.ActiveCfg = Debug|Any CPU
		{385BFAAD-07E0-4DBF-844D-9EE12EFC0799}.AppStore|iPhoneSimulator.Build.0 = Debug|Any CPU
		{385BFAAD-07E0-4DBF-844D-9EE12EFC0799}.AppStore|x64.ActiveCfg = Debug|Any CPU
		{385BFAAD-07E0-4DBF-844D-9EE12EFC0799}.AppStore|x64.Build.0 = Debug|Any CPU
		{385BFAAD-07E0-4DBF-844D-9EE12EFC0799}.AppStore|x86.ActiveCfg = Debug|Any CPU
		{385BFAAD-07E0-4DBF-844D-9EE12EFC0799}.AppStore|x86.Build.0 = Debug|Any CPU
		{385BFAAD-07E0-4DBF-844D-9EE12EFC0799}.Debug|Any CPU.ActiveCfg = Debug|Any CPU
		{385BFAAD-07E0-4DBF-844D-9EE12EFC0799}.Debug|Any CPU.Build.0 = Debug|Any CPU
		{385BFAAD-07E0-4DBF-844D-9EE12EFC0799}.Debug|ARM.ActiveCfg = Debug|Any CPU
		{385BFAAD-07E0-4DBF-844D-9EE12EFC0799}.Debug|ARM.Build.0 = Debug|Any CPU
		{385BFAAD-07E0-4DBF-844D-9EE12EFC0799}.Debug|ARM64.ActiveCfg = Debug|Any CPU
		{385BFAAD-07E0-4DBF-844D-9EE12EFC0799}.Debug|ARM64.Build.0 = Debug|Any CPU
		{385BFAAD-07E0-4DBF-844D-9EE12EFC0799}.Debug|iPhone.ActiveCfg = Debug|Any CPU
		{385BFAAD-07E0-4DBF-844D-9EE12EFC0799}.Debug|iPhone.Build.0 = Debug|Any CPU
		{385BFAAD-07E0-4DBF-844D-9EE12EFC0799}.Debug|iPhoneSimulator.ActiveCfg = Debug|Any CPU
		{385BFAAD-07E0-4DBF-844D-9EE12EFC0799}.Debug|iPhoneSimulator.Build.0 = Debug|Any CPU
		{385BFAAD-07E0-4DBF-844D-9EE12EFC0799}.Debug|x64.ActiveCfg = Debug|Any CPU
		{385BFAAD-07E0-4DBF-844D-9EE12EFC0799}.Debug|x64.Build.0 = Debug|Any CPU
		{385BFAAD-07E0-4DBF-844D-9EE12EFC0799}.Debug|x86.ActiveCfg = Debug|Any CPU
		{385BFAAD-07E0-4DBF-844D-9EE12EFC0799}.Debug|x86.Build.0 = Debug|Any CPU
		{385BFAAD-07E0-4DBF-844D-9EE12EFC0799}.Release|Any CPU.ActiveCfg = Release|Any CPU
		{385BFAAD-07E0-4DBF-844D-9EE12EFC0799}.Release|Any CPU.Build.0 = Release|Any CPU
		{385BFAAD-07E0-4DBF-844D-9EE12EFC0799}.Release|ARM.ActiveCfg = Release|Any CPU
		{385BFAAD-07E0-4DBF-844D-9EE12EFC0799}.Release|ARM.Build.0 = Release|Any CPU
		{385BFAAD-07E0-4DBF-844D-9EE12EFC0799}.Release|ARM64.ActiveCfg = Release|Any CPU
		{385BFAAD-07E0-4DBF-844D-9EE12EFC0799}.Release|ARM64.Build.0 = Release|Any CPU
		{385BFAAD-07E0-4DBF-844D-9EE12EFC0799}.Release|iPhone.ActiveCfg = Release|Any CPU
		{385BFAAD-07E0-4DBF-844D-9EE12EFC0799}.Release|iPhone.Build.0 = Release|Any CPU
		{385BFAAD-07E0-4DBF-844D-9EE12EFC0799}.Release|iPhoneSimulator.ActiveCfg = Release|Any CPU
		{385BFAAD-07E0-4DBF-844D-9EE12EFC0799}.Release|iPhoneSimulator.Build.0 = Release|Any CPU
		{385BFAAD-07E0-4DBF-844D-9EE12EFC0799}.Release|x64.ActiveCfg = Release|Any CPU
		{385BFAAD-07E0-4DBF-844D-9EE12EFC0799}.Release|x64.Build.0 = Release|Any CPU
		{385BFAAD-07E0-4DBF-844D-9EE12EFC0799}.Release|x86.ActiveCfg = Release|Any CPU
		{385BFAAD-07E0-4DBF-844D-9EE12EFC0799}.Release|x86.Build.0 = Release|Any CPU
		{A945248B-9C6B-4FE4-B270-1C5E38E0EF08}.Ad-Hoc|Any CPU.ActiveCfg = Debug|Any CPU
		{A945248B-9C6B-4FE4-B270-1C5E38E0EF08}.Ad-Hoc|Any CPU.Build.0 = Debug|Any CPU
		{A945248B-9C6B-4FE4-B270-1C5E38E0EF08}.Ad-Hoc|ARM.ActiveCfg = Debug|Any CPU
		{A945248B-9C6B-4FE4-B270-1C5E38E0EF08}.Ad-Hoc|ARM.Build.0 = Debug|Any CPU
		{A945248B-9C6B-4FE4-B270-1C5E38E0EF08}.Ad-Hoc|ARM64.ActiveCfg = Debug|Any CPU
		{A945248B-9C6B-4FE4-B270-1C5E38E0EF08}.Ad-Hoc|ARM64.Build.0 = Debug|Any CPU
		{A945248B-9C6B-4FE4-B270-1C5E38E0EF08}.Ad-Hoc|iPhone.ActiveCfg = Debug|Any CPU
		{A945248B-9C6B-4FE4-B270-1C5E38E0EF08}.Ad-Hoc|iPhone.Build.0 = Debug|Any CPU
		{A945248B-9C6B-4FE4-B270-1C5E38E0EF08}.Ad-Hoc|iPhoneSimulator.ActiveCfg = Debug|Any CPU
		{A945248B-9C6B-4FE4-B270-1C5E38E0EF08}.Ad-Hoc|iPhoneSimulator.Build.0 = Debug|Any CPU
		{A945248B-9C6B-4FE4-B270-1C5E38E0EF08}.Ad-Hoc|x64.ActiveCfg = Debug|Any CPU
		{A945248B-9C6B-4FE4-B270-1C5E38E0EF08}.Ad-Hoc|x64.Build.0 = Debug|Any CPU
		{A945248B-9C6B-4FE4-B270-1C5E38E0EF08}.Ad-Hoc|x86.ActiveCfg = Debug|Any CPU
		{A945248B-9C6B-4FE4-B270-1C5E38E0EF08}.Ad-Hoc|x86.Build.0 = Debug|Any CPU
		{A945248B-9C6B-4FE4-B270-1C5E38E0EF08}.AppStore|Any CPU.ActiveCfg = Debug|Any CPU
		{A945248B-9C6B-4FE4-B270-1C5E38E0EF08}.AppStore|Any CPU.Build.0 = Debug|Any CPU
		{A945248B-9C6B-4FE4-B270-1C5E38E0EF08}.AppStore|ARM.ActiveCfg = Debug|Any CPU
		{A945248B-9C6B-4FE4-B270-1C5E38E0EF08}.AppStore|ARM.Build.0 = Debug|Any CPU
		{A945248B-9C6B-4FE4-B270-1C5E38E0EF08}.AppStore|ARM64.ActiveCfg = Debug|Any CPU
		{A945248B-9C6B-4FE4-B270-1C5E38E0EF08}.AppStore|ARM64.Build.0 = Debug|Any CPU
		{A945248B-9C6B-4FE4-B270-1C5E38E0EF08}.AppStore|iPhone.ActiveCfg = Debug|Any CPU
		{A945248B-9C6B-4FE4-B270-1C5E38E0EF08}.AppStore|iPhone.Build.0 = Debug|Any CPU
		{A945248B-9C6B-4FE4-B270-1C5E38E0EF08}.AppStore|iPhoneSimulator.ActiveCfg = Debug|Any CPU
		{A945248B-9C6B-4FE4-B270-1C5E38E0EF08}.AppStore|iPhoneSimulator.Build.0 = Debug|Any CPU
		{A945248B-9C6B-4FE4-B270-1C5E38E0EF08}.AppStore|x64.ActiveCfg = Debug|Any CPU
		{A945248B-9C6B-4FE4-B270-1C5E38E0EF08}.AppStore|x64.Build.0 = Debug|Any CPU
		{A945248B-9C6B-4FE4-B270-1C5E38E0EF08}.AppStore|x86.ActiveCfg = Debug|Any CPU
		{A945248B-9C6B-4FE4-B270-1C5E38E0EF08}.AppStore|x86.Build.0 = Debug|Any CPU
		{A945248B-9C6B-4FE4-B270-1C5E38E0EF08}.Debug|Any CPU.ActiveCfg = Debug|Any CPU
		{A945248B-9C6B-4FE4-B270-1C5E38E0EF08}.Debug|Any CPU.Build.0 = Debug|Any CPU
		{A945248B-9C6B-4FE4-B270-1C5E38E0EF08}.Debug|ARM.ActiveCfg = Debug|Any CPU
		{A945248B-9C6B-4FE4-B270-1C5E38E0EF08}.Debug|ARM.Build.0 = Debug|Any CPU
		{A945248B-9C6B-4FE4-B270-1C5E38E0EF08}.Debug|ARM64.ActiveCfg = Debug|Any CPU
		{A945248B-9C6B-4FE4-B270-1C5E38E0EF08}.Debug|ARM64.Build.0 = Debug|Any CPU
		{A945248B-9C6B-4FE4-B270-1C5E38E0EF08}.Debug|iPhone.ActiveCfg = Debug|Any CPU
		{A945248B-9C6B-4FE4-B270-1C5E38E0EF08}.Debug|iPhone.Build.0 = Debug|Any CPU
		{A945248B-9C6B-4FE4-B270-1C5E38E0EF08}.Debug|iPhoneSimulator.ActiveCfg = Debug|Any CPU
		{A945248B-9C6B-4FE4-B270-1C5E38E0EF08}.Debug|iPhoneSimulator.Build.0 = Debug|Any CPU
		{A945248B-9C6B-4FE4-B270-1C5E38E0EF08}.Debug|x64.ActiveCfg = Debug|Any CPU
		{A945248B-9C6B-4FE4-B270-1C5E38E0EF08}.Debug|x64.Build.0 = Debug|Any CPU
		{A945248B-9C6B-4FE4-B270-1C5E38E0EF08}.Debug|x86.ActiveCfg = Debug|Any CPU
		{A945248B-9C6B-4FE4-B270-1C5E38E0EF08}.Debug|x86.Build.0 = Debug|Any CPU
		{A945248B-9C6B-4FE4-B270-1C5E38E0EF08}.Release|Any CPU.ActiveCfg = Release|Any CPU
		{A945248B-9C6B-4FE4-B270-1C5E38E0EF08}.Release|Any CPU.Build.0 = Release|Any CPU
		{A945248B-9C6B-4FE4-B270-1C5E38E0EF08}.Release|ARM.ActiveCfg = Release|Any CPU
		{A945248B-9C6B-4FE4-B270-1C5E38E0EF08}.Release|ARM.Build.0 = Release|Any CPU
		{A945248B-9C6B-4FE4-B270-1C5E38E0EF08}.Release|ARM64.ActiveCfg = Release|Any CPU
		{A945248B-9C6B-4FE4-B270-1C5E38E0EF08}.Release|ARM64.Build.0 = Release|Any CPU
		{A945248B-9C6B-4FE4-B270-1C5E38E0EF08}.Release|iPhone.ActiveCfg = Release|Any CPU
		{A945248B-9C6B-4FE4-B270-1C5E38E0EF08}.Release|iPhone.Build.0 = Release|Any CPU
		{A945248B-9C6B-4FE4-B270-1C5E38E0EF08}.Release|iPhoneSimulator.ActiveCfg = Release|Any CPU
		{A945248B-9C6B-4FE4-B270-1C5E38E0EF08}.Release|iPhoneSimulator.Build.0 = Release|Any CPU
		{A945248B-9C6B-4FE4-B270-1C5E38E0EF08}.Release|x64.ActiveCfg = Release|Any CPU
		{A945248B-9C6B-4FE4-B270-1C5E38E0EF08}.Release|x64.Build.0 = Release|Any CPU
		{A945248B-9C6B-4FE4-B270-1C5E38E0EF08}.Release|x86.ActiveCfg = Release|Any CPU
		{A945248B-9C6B-4FE4-B270-1C5E38E0EF08}.Release|x86.Build.0 = Release|Any CPU
	EndGlobalSection
	GlobalSection(SolutionProperties) = preSolution
		HideSolutionNode = FALSE
	EndGlobalSection
	GlobalSection(NestedProjects) = preSolution
		{96144C6C-2E37-4A84-95AB-7F01D9222F2F} = {C443BF0A-C616-4E98-8994-C5BAE76AE556}
		{385BFAAD-07E0-4DBF-844D-9EE12EFC0799} = {C7727147-4AD9-4005-A8D0-EEEED82347D3}
		{A945248B-9C6B-4FE4-B270-1C5E38E0EF08} = {C7727147-4AD9-4005-A8D0-EEEED82347D3}
	EndGlobalSection
	GlobalSection(ExtensibilityGlobals) = postSolution
		SolutionGuid = {252F0196-794B-4F99-967E-81962ADF58DD}
	EndGlobalSection
EndGlobal
